// !$*UTF8*$!
{
	archiveVersion = 1;
	classes = {
	};
	objectVersion = 56;
	objects = {

/* Begin PBXBuildFile section */
		DBA88DBB2A12390100ED55F3 /* MyWorkouts Watch App.app in Embed Watch Content */ = {isa = PBXBuildFile; fileRef = DBA88DBA2A12390100ED55F3 /* MyWorkouts Watch App.app */; settings = {ATTRIBUTES = (RemoveHeadersOnCopy, ); }; };
		DBA88DC02A12390100ED55F3 /* MyWorkoutsApp.swift in Sources */ = {isa = PBXBuildFile; fileRef = DBA88DBF2A12390100ED55F3 /* MyWorkoutsApp.swift */; };
		DBA88DC22A12390100ED55F3 /* StartView.swift in Sources */ = {isa = PBXBuildFile; fileRef = DBA88DC12A12390100ED55F3 /* StartView.swift */; };
		DBA88DC42A12390300ED55F3 /* Assets.xcassets in Resources */ = {isa = PBXBuildFile; fileRef = DBA88DC32A12390300ED55F3 /* Assets.xcassets */; };
		DBA88DC72A12390300ED55F3 /* Preview Assets.xcassets in Resources */ = {isa = PBXBuildFile; fileRef = DBA88DC62A12390300ED55F3 /* Preview Assets.xcassets */; };
		DBA88DD22A1241C100ED55F3 /* SessionPagingView.swift in Sources */ = {isa = PBXBuildFile; fileRef = DBA88DD12A1241C100ED55F3 /* SessionPagingView.swift */; };
		DBA88DD42A1242BF00ED55F3 /* MetricsView.swift in Sources */ = {isa = PBXBuildFile; fileRef = DBA88DD32A1242BF00ED55F3 /* MetricsView.swift */; };
		DBA88DD62A12467900ED55F3 /* ElapsedTimeView.swift in Sources */ = {isa = PBXBuildFile; fileRef = DBA88DD52A12467900ED55F3 /* ElapsedTimeView.swift */; };
		DBA88DD82A12677B00ED55F3 /* ControlsView.swift in Sources */ = {isa = PBXBuildFile; fileRef = DBA88DD72A12677B00ED55F3 /* ControlsView.swift */; };
		DBA88DDA2A12694F00ED55F3 /* SummaryView.swift in Sources */ = {isa = PBXBuildFile; fileRef = DBA88DD92A12694F00ED55F3 /* SummaryView.swift */; };
		DBA88DDC2A1271C200ED55F3 /* ActivityRingsView.swift in Sources */ = {isa = PBXBuildFile; fileRef = DBA88DDB2A1271C200ED55F3 /* ActivityRingsView.swift */; };
		DBA88DDE2A13B32C00ED55F3 /* WorkoutManager.swift in Sources */ = {isa = PBXBuildFile; fileRef = DBA88DDD2A13B32C00ED55F3 /* WorkoutManager.swift */; };
/* End PBXBuildFile section */

/* Begin PBXContainerItemProxy section */
		DBA88DBC2A12390100ED55F3 /* PBXContainerItemProxy */ = {
			isa = PBXContainerItemProxy;
			containerPortal = DBA88DAE2A12390100ED55F3 /* Project object */;
			proxyType = 1;
			remoteGlobalIDString = DBA88DB92A12390100ED55F3;
			remoteInfo = "MyWorkouts Watch App";
		};
/* End PBXContainerItemProxy section */

/* Begin PBXCopyFilesBuildPhase section */
		DBA88DCD2A12390300ED55F3 /* Embed Watch Content */ = {
			isa = PBXCopyFilesBuildPhase;
			buildActionMask = 2147483647;
			dstPath = "$(CONTENTS_FOLDER_PATH)/Watch";
			dstSubfolderSpec = 16;
			files = (
				DBA88DBB2A12390100ED55F3 /* MyWorkouts Watch App.app in Embed Watch Content */,
			);
			name = "Embed Watch Content";
			runOnlyForDeploymentPostprocessing = 0;
		};
/* End PBXCopyFilesBuildPhase section */

/* Begin PBXFileReference section */
		DBA88DB42A12390100ED55F3 /* MyWorkouts.app */ = {isa = PBXFileReference; explicitFileType = wrapper.application; includeInIndex = 0; path = MyWorkouts.app; sourceTree = BUILT_PRODUCTS_DIR; };
		DBA88DBA2A12390100ED55F3 /* MyWorkouts Watch App.app */ = {isa = PBXFileReference; explicitFileType = wrapper.application; includeInIndex = 0; path = "MyWorkouts Watch App.app"; sourceTree = BUILT_PRODUCTS_DIR; };
		DBA88DBF2A12390100ED55F3 /* MyWorkoutsApp.swift */ = {isa = PBXFileReference; lastKnownFileType = sourcecode.swift; path = MyWorkoutsApp.swift; sourceTree = "<group>"; };
		DBA88DC12A12390100ED55F3 /* StartView.swift */ = {isa = PBXFileReference; lastKnownFileType = sourcecode.swift; path = StartView.swift; sourceTree = "<group>"; };
		DBA88DC32A12390300ED55F3 /* Assets.xcassets */ = {isa = PBXFileReference; lastKnownFileType = folder.assetcatalog; path = Assets.xcassets; sourceTree = "<group>"; };
		DBA88DC62A12390300ED55F3 /* Preview Assets.xcassets */ = {isa = PBXFileReference; lastKnownFileType = folder.assetcatalog; path = "Preview Assets.xcassets"; sourceTree = "<group>"; };
		DBA88DD12A1241C100ED55F3 /* SessionPagingView.swift */ = {isa = PBXFileReference; lastKnownFileType = sourcecode.swift; path = SessionPagingView.swift; sourceTree = "<group>"; };
		DBA88DD32A1242BF00ED55F3 /* MetricsView.swift */ = {isa = PBXFileReference; lastKnownFileType = sourcecode.swift; path = MetricsView.swift; sourceTree = "<group>"; };
		DBA88DD52A12467900ED55F3 /* ElapsedTimeView.swift */ = {isa = PBXFileReference; lastKnownFileType = sourcecode.swift; path = ElapsedTimeView.swift; sourceTree = "<group>"; };
		DBA88DD72A12677B00ED55F3 /* ControlsView.swift */ = {isa = PBXFileReference; lastKnownFileType = sourcecode.swift; path = ControlsView.swift; sourceTree = "<group>"; };
		DBA88DD92A12694F00ED55F3 /* SummaryView.swift */ = {isa = PBXFileReference; lastKnownFileType = sourcecode.swift; path = SummaryView.swift; sourceTree = "<group>"; };
		DBA88DDB2A1271C200ED55F3 /* ActivityRingsView.swift */ = {isa = PBXFileReference; lastKnownFileType = sourcecode.swift; path = ActivityRingsView.swift; sourceTree = "<group>"; };
		DBA88DDD2A13B32C00ED55F3 /* WorkoutManager.swift */ = {isa = PBXFileReference; lastKnownFileType = sourcecode.swift; path = WorkoutManager.swift; sourceTree = "<group>"; };
		DBA88DDF2A13BC0600ED55F3 /* MyWorkouts Watch App.entitlements */ = {isa = PBXFileReference; lastKnownFileType = text.plist.entitlements; path = "MyWorkouts Watch App.entitlements"; sourceTree = "<group>"; };
		DBA88DE02A13BC2400ED55F3 /* MyWorkouts-Watch-App-Info.plist */ = {isa = PBXFileReference; lastKnownFileType = text.plist; path = "MyWorkouts-Watch-App-Info.plist"; sourceTree = SOURCE_ROOT; };
/* End PBXFileReference section */

/* Begin PBXFrameworksBuildPhase section */
		DBA88DB72A12390100ED55F3 /* Frameworks */ = {
			isa = PBXFrameworksBuildPhase;
			buildActionMask = 2147483647;
			files = (
			);
			runOnlyForDeploymentPostprocessing = 0;
		};
/* End PBXFrameworksBuildPhase section */

/* Begin PBXGroup section */
		DBA88DAD2A12390100ED55F3 = {
			isa = PBXGroup;
			children = (
				DBA88DBE2A12390100ED55F3 /* MyWorkouts Watch App */,
				DBA88DB52A12390100ED55F3 /* Products */,
			);
			sourceTree = "<group>";
		};
		DBA88DB52A12390100ED55F3 /* Products */ = {
			isa = PBXGroup;
			children = (
				DBA88DB42A12390100ED55F3 /* MyWorkouts.app */,
				DBA88DBA2A12390100ED55F3 /* MyWorkouts Watch App.app */,
			);
			name = Products;
			sourceTree = "<group>";
		};
		DBA88DBE2A12390100ED55F3 /* MyWorkouts Watch App */ = {
			isa = PBXGroup;
			children = (
				DBA88DE02A13BC2400ED55F3 /* MyWorkouts-Watch-App-Info.plist */,
				DBA88DDF2A13BC0600ED55F3 /* MyWorkouts Watch App.entitlements */,
				DBA88DBF2A12390100ED55F3 /* MyWorkoutsApp.swift */,
				DBA88DC12A12390100ED55F3 /* StartView.swift */,
				DBA88DD92A12694F00ED55F3 /* SummaryView.swift */,
				DBA88DDD2A13B32C00ED55F3 /* WorkoutManager.swift */,
				DBA88DDB2A1271C200ED55F3 /* ActivityRingsView.swift */,
				DBA88DD12A1241C100ED55F3 /* SessionPagingView.swift */,
				DBA88DD32A1242BF00ED55F3 /* MetricsView.swift */,
				DBA88DD72A12677B00ED55F3 /* ControlsView.swift */,
				DBA88DD52A12467900ED55F3 /* ElapsedTimeView.swift */,
				DBA88DC32A12390300ED55F3 /* Assets.xcassets */,
				DBA88DC52A12390300ED55F3 /* Preview Content */,
			);
			path = "MyWorkouts Watch App";
			sourceTree = "<group>";
		};
		DBA88DC52A12390300ED55F3 /* Preview Content */ = {
			isa = PBXGroup;
			children = (
				DBA88DC62A12390300ED55F3 /* Preview Assets.xcassets */,
			);
			path = "Preview Content";
			sourceTree = "<group>";
		};
/* End PBXGroup section */

/* Begin PBXNativeTarget section */
		DBA88DB32A12390100ED55F3 /* MyWorkouts */ = {
			isa = PBXNativeTarget;
			buildConfigurationList = DBA88DCE2A12390300ED55F3 /* Build configuration list for PBXNativeTarget "MyWorkouts" */;
			buildPhases = (
				DBA88DB22A12390100ED55F3 /* Resources */,
				DBA88DCD2A12390300ED55F3 /* Embed Watch Content */,
			);
			buildRules = (
			);
			dependencies = (
				DBA88DBD2A12390100ED55F3 /* PBXTargetDependency */,
			);
			name = MyWorkouts;
			productName = MyWorkouts;
			productReference = DBA88DB42A12390100ED55F3 /* MyWorkouts.app */;
			productType = "com.apple.product-type.application.watchapp2-container";
		};
		DBA88DB92A12390100ED55F3 /* MyWorkouts Watch App */ = {
			isa = PBXNativeTarget;
			buildConfigurationList = DBA88DCA2A12390300ED55F3 /* Build configuration list for PBXNativeTarget "MyWorkouts Watch App" */;
			buildPhases = (
				DBA88DB62A12390100ED55F3 /* Sources */,
				DBA88DB72A12390100ED55F3 /* Frameworks */,
				DBA88DB82A12390100ED55F3 /* Resources */,
			);
			buildRules = (
			);
			dependencies = (
			);
			name = "MyWorkouts Watch App";
			productName = "MyWorkouts Watch App";
			productReference = DBA88DBA2A12390100ED55F3 /* MyWorkouts Watch App.app */;
			productType = "com.apple.product-type.application";
		};
/* End PBXNativeTarget section */

/* Begin PBXProject section */
		DBA88DAE2A12390100ED55F3 /* Project object */ = {
			isa = PBXProject;
			attributes = {
				BuildIndependentTargetsInParallel = 1;
				LastSwiftUpdateCheck = 1420;
				LastUpgradeCheck = 1420;
				TargetAttributes = {
					DBA88DB32A12390100ED55F3 = {
						CreatedOnToolsVersion = 14.2;
					};
					DBA88DB92A12390100ED55F3 = {
						CreatedOnToolsVersion = 14.2;
					};
				};
			};
			buildConfigurationList = DBA88DB12A12390100ED55F3 /* Build configuration list for PBXProject "MyWorkouts" */;
			compatibilityVersion = "Xcode 14.0";
			developmentRegion = en;
			hasScannedForEncodings = 0;
			knownRegions = (
				en,
				Base,
			);
			mainGroup = DBA88DAD2A12390100ED55F3;
			productRefGroup = DBA88DB52A12390100ED55F3 /* Products */;
			projectDirPath = "";
			projectRoot = "";
			targets = (
				DBA88DB32A12390100ED55F3 /* MyWorkouts */,
				DBA88DB92A12390100ED55F3 /* MyWorkouts Watch App */,
			);
		};
/* End PBXProject section */

/* Begin PBXResourcesBuildPhase section */
		DBA88DB22A12390100ED55F3 /* Resources */ = {
			isa = PBXResourcesBuildPhase;
			buildActionMask = 2147483647;
			files = (
			);
			runOnlyForDeploymentPostprocessing = 0;
		};
		DBA88DB82A12390100ED55F3 /* Resources */ = {
			isa = PBXResourcesBuildPhase;
			buildActionMask = 2147483647;
			files = (
				DBA88DC72A12390300ED55F3 /* Preview Assets.xcassets in Resources */,
				DBA88DC42A12390300ED55F3 /* Assets.xcassets in Resources */,
			);
			runOnlyForDeploymentPostprocessing = 0;
		};
/* End PBXResourcesBuildPhase section */

/* Begin PBXSourcesBuildPhase section */
		DBA88DB62A12390100ED55F3 /* Sources */ = {
			isa = PBXSourcesBuildPhase;
			buildActionMask = 2147483647;
			files = (
				DBA88DC22A12390100ED55F3 /* StartView.swift in Sources */,
				DBA88DDA2A12694F00ED55F3 /* SummaryView.swift in Sources */,
				DBA88DDE2A13B32C00ED55F3 /* WorkoutManager.swift in Sources */,
				DBA88DC02A12390100ED55F3 /* MyWorkoutsApp.swift in Sources */,
				DBA88DD62A12467900ED55F3 /* ElapsedTimeView.swift in Sources */,
				DBA88DD42A1242BF00ED55F3 /* MetricsView.swift in Sources */,
				DBA88DDC2A1271C200ED55F3 /* ActivityRingsView.swift in Sources */,
				DBA88DD82A12677B00ED55F3 /* ControlsView.swift in Sources */,
				DBA88DD22A1241C100ED55F3 /* SessionPagingView.swift in Sources */,
			);
			runOnlyForDeploymentPostprocessing = 0;
		};
/* End PBXSourcesBuildPhase section */

/* Begin PBXTargetDependency section */
		DBA88DBD2A12390100ED55F3 /* PBXTargetDependency */ = {
			isa = PBXTargetDependency;
			target = DBA88DB92A12390100ED55F3 /* MyWorkouts Watch App */;
			targetProxy = DBA88DBC2A12390100ED55F3 /* PBXContainerItemProxy */;
		};
/* End PBXTargetDependency section */

/* Begin XCBuildConfiguration section */
		DBA88DC82A12390300ED55F3 /* Debug */ = {
			isa = XCBuildConfiguration;
			buildSettings = {
				ALWAYS_SEARCH_USER_PATHS = NO;
				CLANG_ANALYZER_NONNULL = YES;
				CLANG_ANALYZER_NUMBER_OBJECT_CONVERSION = YES_AGGRESSIVE;
				CLANG_CXX_LANGUAGE_STANDARD = "gnu++20";
				CLANG_ENABLE_MODULES = YES;
				CLANG_ENABLE_OBJC_ARC = YES;
				CLANG_ENABLE_OBJC_WEAK = YES;
				CLANG_WARN_BLOCK_CAPTURE_AUTORELEASING = YES;
				CLANG_WARN_BOOL_CONVERSION = YES;
				CLANG_WARN_COMMA = YES;
				CLANG_WARN_CONSTANT_CONVERSION = YES;
				CLANG_WARN_DEPRECATED_OBJC_IMPLEMENTATIONS = YES;
				CLANG_WARN_DIRECT_OBJC_ISA_USAGE = YES_ERROR;
				CLANG_WARN_DOCUMENTATION_COMMENTS = YES;
				CLANG_WARN_EMPTY_BODY = YES;
				CLANG_WARN_ENUM_CONVERSION = YES;
				CLANG_WARN_INFINITE_RECURSION = YES;
				CLANG_WARN_INT_CONVERSION = YES;
				CLANG_WARN_NON_LITERAL_NULL_CONVERSION = YES;
				CLANG_WARN_OBJC_IMPLICIT_RETAIN_SELF = YES;
				CLANG_WARN_OBJC_LITERAL_CONVERSION = YES;
				CLANG_WARN_OBJC_ROOT_CLASS = YES_ERROR;
				CLANG_WARN_QUOTED_INCLUDE_IN_FRAMEWORK_HEADER = YES;
				CLANG_WARN_RANGE_LOOP_ANALYSIS = YES;
				CLANG_WARN_STRICT_PROTOTYPES = YES;
				CLANG_WARN_SUSPICIOUS_MOVE = YES;
				CLANG_WARN_UNGUARDED_AVAILABILITY = YES_AGGRESSIVE;
				CLANG_WARN_UNREACHABLE_CODE = YES;
				CLANG_WARN__DUPLICATE_METHOD_MATCH = YES;
				COPY_PHASE_STRIP = NO;
				DEBUG_INFORMATION_FORMAT = dwarf;
				ENABLE_STRICT_OBJC_MSGSEND = YES;
				ENABLE_TESTABILITY = YES;
				GCC_C_LANGUAGE_STANDARD = gnu11;
				GCC_DYNAMIC_NO_PIC = NO;
				GCC_NO_COMMON_BLOCKS = YES;
				GCC_OPTIMIZATION_LEVEL = 0;
				GCC_PREPROCESSOR_DEFINITIONS = (
					"DEBUG=1",
					"$(inherited)",
				);
				GCC_WARN_64_TO_32_BIT_CONVERSION = YES;
				GCC_WARN_ABOUT_RETURN_TYPE = YES_ERROR;
				GCC_WARN_UNDECLARED_SELECTOR = YES;
				GCC_WARN_UNINITIALIZED_AUTOS = YES_AGGRESSIVE;
				GCC_WARN_UNUSED_FUNCTION = YES;
				GCC_WARN_UNUSED_VARIABLE = YES;
				MTL_ENABLE_DEBUG_INFO = INCLUDE_SOURCE;
				MTL_FAST_MATH = YES;
				ONLY_ACTIVE_ARCH = YES;
				SWIFT_ACTIVE_COMPILATION_CONDITIONS = DEBUG;
				SWIFT_OPTIMIZATION_LEVEL = "-Onone";
			};
			name = Debug;
		};
		DBA88DC92A12390300ED55F3 /* Release */ = {
			isa = XCBuildConfiguration;
			buildSettings = {
				ALWAYS_SEARCH_USER_PATHS = NO;
				CLANG_ANALYZER_NONNULL = YES;
				CLANG_ANALYZER_NUMBER_OBJECT_CONVERSION = YES_AGGRESSIVE;
				CLANG_CXX_LANGUAGE_STANDARD = "gnu++20";
				CLANG_ENABLE_MODULES = YES;
				CLANG_ENABLE_OBJC_ARC = YES;
				CLANG_ENABLE_OBJC_WEAK = YES;
				CLANG_WARN_BLOCK_CAPTURE_AUTORELEASING = YES;
				CLANG_WARN_BOOL_CONVERSION = YES;
				CLANG_WARN_COMMA = YES;
				CLANG_WARN_CONSTANT_CONVERSION = YES;
				CLANG_WARN_DEPRECATED_OBJC_IMPLEMENTATIONS = YES;
				CLANG_WARN_DIRECT_OBJC_ISA_USAGE = YES_ERROR;
				CLANG_WARN_DOCUMENTATION_COMMENTS = YES;
				CLANG_WARN_EMPTY_BODY = YES;
				CLANG_WARN_ENUM_CONVERSION = YES;
				CLANG_WARN_INFINITE_RECURSION = YES;
				CLANG_WARN_INT_CONVERSION = YES;
				CLANG_WARN_NON_LITERAL_NULL_CONVERSION = YES;
				CLANG_WARN_OBJC_IMPLICIT_RETAIN_SELF = YES;
				CLANG_WARN_OBJC_LITERAL_CONVERSION = YES;
				CLANG_WARN_OBJC_ROOT_CLASS = YES_ERROR;
				CLANG_WARN_QUOTED_INCLUDE_IN_FRAMEWORK_HEADER = YES;
				CLANG_WARN_RANGE_LOOP_ANALYSIS = YES;
				CLANG_WARN_STRICT_PROTOTYPES = YES;
				CLANG_WARN_SUSPICIOUS_MOVE = YES;
				CLANG_WARN_UNGUARDED_AVAILABILITY = YES_AGGRESSIVE;
				CLANG_WARN_UNREACHABLE_CODE = YES;
				CLANG_WARN__DUPLICATE_METHOD_MATCH = YES;
				COPY_PHASE_STRIP = NO;
				DEBUG_INFORMATION_FORMAT = "dwarf-with-dsym";
				ENABLE_NS_ASSERTIONS = NO;
				ENABLE_STRICT_OBJC_MSGSEND = YES;
				GCC_C_LANGUAGE_STANDARD = gnu11;
				GCC_NO_COMMON_BLOCKS = YES;
				GCC_WARN_64_TO_32_BIT_CONVERSION = YES;
				GCC_WARN_ABOUT_RETURN_TYPE = YES_ERROR;
				GCC_WARN_UNDECLARED_SELECTOR = YES;
				GCC_WARN_UNINITIALIZED_AUTOS = YES_AGGRESSIVE;
				GCC_WARN_UNUSED_FUNCTION = YES;
				GCC_WARN_UNUSED_VARIABLE = YES;
				MTL_ENABLE_DEBUG_INFO = NO;
				MTL_FAST_MATH = YES;
				SWIFT_COMPILATION_MODE = wholemodule;
				SWIFT_OPTIMIZATION_LEVEL = "-O";
			};
			name = Release;
		};
		DBA88DCB2A12390300ED55F3 /* Debug */ = {
			isa = XCBuildConfiguration;
			buildSettings = {
				ASSETCATALOG_COMPILER_APPICON_NAME = AppIcon;
				ASSETCATALOG_COMPILER_GLOBAL_ACCENT_COLOR_NAME = AccentColor;
				CODE_SIGN_ENTITLEMENTS = "MyWorkouts Watch App/MyWorkouts Watch App.entitlements";
				CODE_SIGN_STYLE = Automatic;
				CURRENT_PROJECT_VERSION = 1;
				DEVELOPMENT_ASSET_PATHS = "\"MyWorkouts Watch App/Preview Content\"";
				ENABLE_PREVIEWS = YES;
				GENERATE_INFOPLIST_FILE = YES;
				INFOPLIST_FILE = "MyWorkouts-Watch-App-Info.plist";
				INFOPLIST_KEY_CFBundleDisplayName = MyWorkouts;
				INFOPLIST_KEY_UISupportedInterfaceOrientations = "UIInterfaceOrientationPortrait UIInterfaceOrientationPortraitUpsideDown";
				INFOPLIST_KEY_WKWatchOnly = YES;
				LD_RUNPATH_SEARCH_PATHS = (
					"$(inherited)",
					"@executable_path/Frameworks",
				);
				MARKETING_VERSION = 1.0;
				PRODUCT_BUNDLE_IDENTIFIER = com.example.MyWorkouts.watchkitapp;
				PRODUCT_NAME = "$(TARGET_NAME)";
				SDKROOT = watchos;
				SKIP_INSTALL = YES;
				SWIFT_EMIT_LOC_STRINGS = YES;
				SWIFT_VERSION = 5.0;
				TARGETED_DEVICE_FAMILY = 4;
				WATCHOS_DEPLOYMENT_TARGET = 9.1;
			};
			name = Debug;
		};
		DBA88DCC2A12390300ED55F3 /* Release */ = {
			isa = XCBuildConfiguration;
			buildSettings = {
				ASSETCATALOG_COMPILER_APPICON_NAME = AppIcon;
				ASSETCATALOG_COMPILER_GLOBAL_ACCENT_COLOR_NAME = AccentColor;
				CODE_SIGN_ENTITLEMENTS = "MyWorkouts Watch App/MyWorkouts Watch App.entitlements";
				CODE_SIGN_STYLE = Automatic;
				CURRENT_PROJECT_VERSION = 1;
				DEVELOPMENT_ASSET_PATHS = "\"MyWorkouts Watch App/Preview Content\"";
				ENABLE_PREVIEWS = YES;
				GENERATE_INFOPLIST_FILE = YES;
				INFOPLIST_FILE = "MyWorkouts-Watch-App-Info.plist";
				INFOPLIST_KEY_CFBundleDisplayName = MyWorkouts;
				INFOPLIST_KEY_UISupportedInterfaceOrientations = "UIInterfaceOrientationPortrait UIInterfaceOrientationPortraitUpsideDown";
				INFOPLIST_KEY_WKWatchOnly = YES;
				LD_RUNPATH_SEARCH_PATHS = (
					"$(inherited)",
					"@executable_path/Frameworks",
				);
				MARKETING_VERSION = 1.0;
				PRODUCT_BUNDLE_IDENTIFIER = com.example.MyWorkouts.watchkitapp;
				PRODUCT_NAME = "$(TARGET_NAME)";
				SDKROOT = watchos;
				SKIP_INSTALL = YES;
				SWIFT_EMIT_LOC_STRINGS = YES;
				SWIFT_VERSION = 5.0;
				TARGETED_DEVICE_FAMILY = 4;
				VALIDATE_PRODUCT = YES;
				WATCHOS_DEPLOYMENT_TARGET = 9.1;
			};
			name = Release;
		};
		DBA88DCF2A12390300ED55F3 /* Debug */ = {
			isa = XCBuildConfiguration;
			buildSettings = {
				ALWAYS_EMBED_SWIFT_STANDARD_LIBRARIES = YES;
				CODE_SIGN_STYLE = Automatic;
				CURRENT_PROJECT_VERSION = 1;
				INFOPLIST_KEY_CFBundleDisplayName = MyWorkouts;
				MARKETING_VERSION = 1.0;
				PRODUCT_BUNDLE_IDENTIFIER = com.example.MyWorkouts;
				PRODUCT_NAME = "$(TARGET_NAME)";
				SDKROOT = iphoneos;
				SWIFT_VERSION = 5.0;
			};
			name = Debug;
		};
		DBA88DD02A12390300ED55F3 /* Release */ = {
			isa = XCBuildConfiguration;
			buildSettings = {
				ALWAYS_EMBED_SWIFT_STANDARD_LIBRARIES = YES;
				CODE_SIGN_STYLE = Automatic;
				CURRENT_PROJECT_VERSION = 1;
				INFOPLIST_KEY_CFBundleDisplayName = MyWorkouts;
				MARKETING_VERSION = 1.0;
				PRODUCT_BUNDLE_IDENTIFIER = com.example.MyWorkouts;
				PRODUCT_NAME = "$(TARGET_NAME)";
				SDKROOT = iphoneos;
				SWIFT_VERSION = 5.0;
				VALIDATE_PRODUCT = YES;
			};
			name = Release;
		};
/* End XCBuildConfiguration section */

/* Begin XCConfigurationList section */
		DBA88DB12A12390100ED55F3 /* Build configuration list for PBXProject "MyWorkouts" */ = {
			isa = XCConfigurationList;
			buildConfigurations = (
				DBA88DC82A12390300ED55F3 /* Debug */,
				DBA88DC92A12390300ED55F3 /* Release */,
			);
			defaultConfigurationIsVisible = 0;
			defaultConfigurationName = Release;
		};
		DBA88DCA2A12390300ED55F3 /* Build configuration list for PBXNativeTarget "MyWorkouts Watch App" */ = {
			isa = XCConfigurationList;
			buildConfigurations = (
				DBA88DCB2A12390300ED55F3 /* Debug */,
				DBA88DCC2A12390300ED55F3 /* Release */,
			);
			defaultConfigurationIsVisible = 0;
			defaultConfigurationName = Release;
		};
		DBA88DCE2A12390300ED55F3 /* Build configuration list for PBXNativeTarget "MyWorkouts" */ = {
			isa = XCConfigurationList;
			buildConfigurations = (
				DBA88DCF2A12390300ED55F3 /* Debug */,
				DBA88DD02A12390300ED55F3 /* Release */,
			);
			defaultConfigurationIsVisible = 0;
			defaultConfigurationName = Release;
		};
/* End XCConfigurationList section */
	};
	rootObject = DBA88DAE2A12390100ED55F3 /* Project object */;
}
